{
  "name": "@crhio/rollup-plugin-jsdraft",
  "version": "0.0.16",
  "lockfileVersion": 2,
  "requires": true,
  "packages": {
    "": {
      "name": "@crhio/rollup-plugin-jsdraft",
      "version": "0.0.16",
      "dependencies": {
        "@rollup/pluginutils": "^4.1.0",
        "lodash": "^4.17.21",
        "tosource": "^2.0.0-alpha.2"
      },
      "devDependencies": {
        "vite": "^2.4.4"
      },
      "peerDependencies": {
        "@crhio/jsdraft": "^0.0.22"
      }
    },
    "node_modules/@crhio/jsdraft": {
      "version": "0.0.22",
      "resolved": "https://registry.npmjs.org/@crhio/jsdraft/-/jsdraft-0.0.22.tgz",
      "integrity": "sha512-gvGsDcSKV2DbFtG5WqXYoExLEyntG6npT4qzh35uufledF7EHBG1D2DdFf3KTV+8k8GDKAKQHRVuOBFalVB/Dw==",
      "peer": true,
      "dependencies": {
        "@crhio/offset": "^0.0.13",
        "@crhio/vector": "0.0.3",
        "@flatten-js/core": "^1.2.23",
        "commander": "^7.1.0",
        "dxf-writer": "1.7.0",
        "js-yaml": "^4.0.0",
        "lodash": "^4.17.21",
        "rbush": "^3.0.1",
        "uuid": "^8.3.2"
      },
      "bin": {
        "jsdraft": "src/cli.js"
      }
    },
    "node_modules/@crhio/offset": {
      "version": "0.0.13",
      "resolved": "https://registry.npmjs.org/@crhio/offset/-/offset-0.0.13.tgz",
      "integrity": "sha512-FKw3AexNZNgUZoupb7dasySa1Yog5NDr0M7FA+0k1oTXGSmSDLJYAFMu9ggtGs769aOXKiM7hoPxkWYja7cBVQ==",
      "peer": true,
      "dependencies": {
        "flatbush": "^3.3.0",
        "lodash": "^4.17.20"
      }
    },
    "node_modules/@crhio/vector": {
      "version": "0.0.3",
      "resolved": "https://registry.npmjs.org/@crhio/vector/-/vector-0.0.3.tgz",
      "integrity": "sha512-x0/+hCwTjXo2V53asQoHJo2XvY9kB/mOP7WN54fDLLUq8/JNM0EAga5qbmLg6LxhKYpszegiqsGfauLJL3B/2w==",
      "peer": true
    },
    "node_modules/@flatten-js/core": {
      "version": "1.2.24",
      "resolved": "https://registry.npmjs.org/@flatten-js/core/-/core-1.2.24.tgz",
      "integrity": "sha512-CgD8o+7xqnjNa4dUEbxLWSD4YgI/V3sKlVKCGrM2sGgrf77h3M1i/gF0MxY2nHgFnV/O+PCUMFn1bV67K9ZBgg==",
      "peer": true,
      "dependencies": {
        "@flatten-js/interval-tree": "^1.0.14"
      },
      "engines": {
        "node": ">=4.2.4"
      }
    },
    "node_modules/@flatten-js/interval-tree": {
      "version": "1.0.14",
      "resolved": "https://registry.npmjs.org/@flatten-js/interval-tree/-/interval-tree-1.0.14.tgz",
      "integrity": "sha512-u7RFCMnrQb/fC6gIEXtfuqXFXN+yRDM+NSKZe0JECVyiDPTPqYDgkzvRHIX1NS1BxgK6BlZRLtPukAHoDJgGWg==",
      "peer": true
    },
    "node_modules/@rollup/pluginutils": {
      "version": "4.1.1",
      "resolved": "https://registry.npmjs.org/@rollup/pluginutils/-/pluginutils-4.1.1.tgz",
      "integrity": "sha512-clDjivHqWGXi7u+0d2r2sBi4Ie6VLEAzWMIkvJLnDmxoOhBYOTfzGbOQBA32THHm11/LiJbd01tJUpJsbshSWQ==",
      "dependencies": {
        "estree-walker": "^2.0.1",
        "picomatch": "^2.2.2"
      },
      "engines": {
        "node": ">= 8.0.0"
      }
    },
    "node_modules/argparse": {
      "version": "2.0.1",
      "resolved": "https://registry.npmjs.org/argparse/-/argparse-2.0.1.tgz",
      "integrity": "sha512-8+9WqebbFzpX9OR+Wa6O29asIogeRMzcGtAINdpMHHyAg10f05aSFVBbcEqGf/PXw1EjAZ+q2/bEBg3DvurK3Q==",
      "peer": true
    },
    "node_modules/colorette": {
      "version": "1.2.2",
      "resolved": "https://registry.npmjs.org/colorette/-/colorette-1.2.2.tgz",
      "integrity": "sha512-MKGMzyfeuutC/ZJ1cba9NqcNpfeqMUcYmyF1ZFY6/Cn7CNSAKx6a+s48sqLqyAiZuaP2TcqMhoo+dlwFnVxT9w==",
      "dev": true
    },
    "node_modules/commander": {
      "version": "7.2.0",
      "resolved": "https://registry.npmjs.org/commander/-/commander-7.2.0.tgz",
      "integrity": "sha512-QrWXB+ZQSVPmIWIhtEO9H+gwHaMGYiF5ChvoJ+K9ZGHG/sVsa6yiesAD1GC/x46sET00Xlwo1u49RVVVzvcSkw==",
      "peer": true,
      "engines": {
        "node": ">= 10"
      }
    },
    "node_modules/dxf-writer": {
      "version": "1.7.0",
      "resolved": "https://registry.npmjs.org/dxf-writer/-/dxf-writer-1.7.0.tgz",
      "integrity": "sha512-AToPeHdgSeGpZZJdvrzbKBvvfpNam9tG04XM7aKB4xIsc3CFbkq782FEA0v5LY98o5mstTFdqr5Y3WoRpPt6aw==",
      "peer": true
    },
    "node_modules/esbuild": {
      "version": "0.12.17",
      "resolved": "https://registry.npmjs.org/esbuild/-/esbuild-0.12.17.tgz",
      "integrity": "sha512-GshKJyVYUnlSXIZj/NheC2O0Kblh42CS7P1wJyTbbIHevTG4jYMS9NNw8EOd8dDWD0dzydYHS01MpZoUcQXB4g==",
      "dev": true,
      "hasInstallScript": true,
      "bin": {
        "esbuild": "bin/esbuild"
      }
    },
    "node_modules/estree-walker": {
      "version": "2.0.2",
      "resolved": "https://registry.npmjs.org/estree-walker/-/estree-walker-2.0.2.tgz",
      "integrity": "sha512-Rfkk/Mp/DL7JVje3u18FxFujQlTNR2q6QfMSMB7AvCBx91NGj/ba3kCfza0f6dVDbw7YlRf/nDrn7pQrCCyQ/w=="
    },
    "node_modules/flatbush": {
      "version": "3.3.0",
      "resolved": "https://registry.npmjs.org/flatbush/-/flatbush-3.3.0.tgz",
      "integrity": "sha512-F3EzQvKpdmXUbFwWxLKBpytOFEGYQMCTBLuqZ4GEajFOEAvnOIBiyxW3OFSZXIOtpCS8teN6bFEpNZtnVXuDQA==",
      "peer": true,
      "dependencies": {
        "flatqueue": "^1.2.0"
      }
    },
    "node_modules/flatqueue": {
      "version": "1.2.1",
      "resolved": "https://registry.npmjs.org/flatqueue/-/flatqueue-1.2.1.tgz",
      "integrity": "sha512-X86TpWS1rGuY7m382HuA9vngLeDuWA9lJvhEG+GfgKMV5onSvx5a71cl7GMbXzhWtlN9dGfqOBrpfqeOtUfGYQ==",
      "peer": true
    },
    "node_modules/fsevents": {
      "version": "2.3.2",
      "resolved": "https://registry.npmjs.org/fsevents/-/fsevents-2.3.2.tgz",
      "integrity": "sha512-xiqMQR4xAeHTuB9uWm+fFRcIOgKBMiOBP+eXiyT7jsgVCq1bkVygt00oASowB7EdtpOHaaPgKt812P9ab+DDKA==",
      "dev": true,
      "hasInstallScript": true,
      "optional": true,
      "os": [
        "darwin"
      ],
      "engines": {
        "node": "^8.16.0 || ^10.6.0 || >=11.0.0"
      }
    },
    "node_modules/function-bind": {
      "version": "1.1.1",
      "resolved": "https://registry.npmjs.org/function-bind/-/function-bind-1.1.1.tgz",
      "integrity": "sha512-yIovAzMX49sF8Yl58fSCWJ5svSLuaibPxXQJFLmBObTuCr0Mf1KiPopGM9NiFjiYBCbfaa2Fh6breQ6ANVTI0A==",
      "dev": true
    },
    "node_modules/has": {
      "version": "1.0.3",
      "resolved": "https://registry.npmjs.org/has/-/has-1.0.3.tgz",
      "integrity": "sha512-f2dvO0VU6Oej7RkWJGrehjbzMAjFp5/VKPp5tTpWIV4JHHZK1/BxbFRtf/siA2SWTe09caDmVtYYzWEIbBS4zw==",
      "dev": true,
      "dependencies": {
        "function-bind": "^1.1.1"
      },
      "engines": {
        "node": ">= 0.4.0"
      }
    },
    "node_modules/is-core-module": {
      "version": "2.5.0",
      "resolved": "https://registry.npmjs.org/is-core-module/-/is-core-module-2.5.0.tgz",
      "integrity": "sha512-TXCMSDsEHMEEZ6eCA8rwRDbLu55MRGmrctljsBX/2v1d9/GzqHOxW5c5oPSgrUt2vBFXebu9rGqckXGPWOlYpg==",
      "dev": true,
      "dependencies": {
        "has": "^1.0.3"
      },
      "funding": {
        "url": "https://github.com/sponsors/ljharb"
      }
    },
    "node_modules/js-yaml": {
      "version": "4.1.0",
      "resolved": "https://registry.npmjs.org/js-yaml/-/js-yaml-4.1.0.tgz",
      "integrity": "sha512-wpxZs9NoxZaJESJGIZTyDEaYpl0FKSA+FB9aJiyemKhMwkxQg63h4T1KJgUGHpTqPDNRcmmYLugrRjJlBtWvRA==",
      "peer": true,
      "dependencies": {
        "argparse": "^2.0.1"
      },
      "bin": {
        "js-yaml": "bin/js-yaml.js"
      }
    },
    "node_modules/lodash": {
      "version": "4.17.21",
      "resolved": "https://registry.npmjs.org/lodash/-/lodash-4.17.21.tgz",
      "integrity": "sha512-v2kDEe57lecTulaDIuNTPy3Ry4gLGJ6Z1O3vE1krgXZNrsQ+LFTGHVxVjcXPs17LhbZVGedAJv8XZ1tvj5FvSg=="
    },
    "node_modules/nanoid": {
      "version": "3.1.23",
      "resolved": "https://registry.npmjs.org/nanoid/-/nanoid-3.1.23.tgz",
      "integrity": "sha512-FiB0kzdP0FFVGDKlRLEQ1BgDzU87dy5NnzjeW9YZNt+/c3+q82EQDUwniSAUxp/F0gFNI1ZhKU1FqYsMuqZVnw==",
      "dev": true,
      "bin": {
        "nanoid": "bin/nanoid.cjs"
      },
      "engines": {
        "node": "^10 || ^12 || ^13.7 || ^14 || >=15.0.1"
      }
    },
    "node_modules/path-parse": {
      "version": "1.0.7",
      "resolved": "https://registry.npmjs.org/path-parse/-/path-parse-1.0.7.tgz",
      "integrity": "sha512-LDJzPVEEEPR+y48z93A0Ed0yXb8pAByGWo/k5YYdYgpY2/2EsOsksJrq7lOHxryrVOn1ejG6oAp8ahvOIQD8sw==",
      "dev": true
    },
    "node_modules/picomatch": {
      "version": "2.3.0",
      "resolved": "https://registry.npmjs.org/picomatch/-/picomatch-2.3.0.tgz",
      "integrity": "sha512-lY1Q/PiJGC2zOv/z391WOTD+Z02bCgsFfvxoXXf6h7kv9o+WmsmzYqrAwY63sNgOxE4xEdq0WyUnXfKeBrSvYw==",
      "engines": {
        "node": ">=8.6"
      },
      "funding": {
        "url": "https://github.com/sponsors/jonschlinkert"
      }
    },
    "node_modules/postcss": {
      "version": "8.3.6",
      "resolved": "https://registry.npmjs.org/postcss/-/postcss-8.3.6.tgz",
      "integrity": "sha512-wG1cc/JhRgdqB6WHEuyLTedf3KIRuD0hG6ldkFEZNCjRxiC+3i6kkWUUbiJQayP28iwG35cEmAbe98585BYV0A==",
      "dev": true,
      "dependencies": {
        "colorette": "^1.2.2",
        "nanoid": "^3.1.23",
        "source-map-js": "^0.6.2"
      },
      "engines": {
        "node": "^10 || ^12 || >=14"
      },
      "funding": {
        "type": "opencollective",
        "url": "https://opencollective.com/postcss/"
      }
    },
    "node_modules/quickselect": {
      "version": "2.0.0",
      "resolved": "https://registry.npmjs.org/quickselect/-/quickselect-2.0.0.tgz",
      "integrity": "sha512-RKJ22hX8mHe3Y6wH/N3wCM6BWtjaxIyyUIkpHOvfFnxdI4yD4tBXEBKSbriGujF6jnSVkJrffuo6vxACiSSxIw==",
      "peer": true
    },
    "node_modules/rbush": {
      "version": "3.0.1",
      "resolved": "https://registry.npmjs.org/rbush/-/rbush-3.0.1.tgz",
      "integrity": "sha512-XRaVO0YecOpEuIvbhbpTrZgoiI6xBlz6hnlr6EHhd+0x9ase6EmeN+hdwwUaJvLcsFFQ8iWVF1GAK1yB0BWi0w==",
      "peer": true,
      "dependencies": {
        "quickselect": "^2.0.0"
      }
    },
    "node_modules/resolve": {
      "version": "1.20.0",
      "resolved": "https://registry.npmjs.org/resolve/-/resolve-1.20.0.tgz",
      "integrity": "sha512-wENBPt4ySzg4ybFQW2TT1zMQucPK95HSh/nq2CFTZVOGut2+pQvSsgtda4d26YrYcr067wjbmzOG8byDPBX63A==",
      "dev": true,
      "dependencies": {
        "is-core-module": "^2.2.0",
        "path-parse": "^1.0.6"
      },
      "funding": {
        "url": "https://github.com/sponsors/ljharb"
      }
    },
    "node_modules/rollup": {
      "version": "2.55.1",
      "resolved": "https://registry.npmjs.org/rollup/-/rollup-2.55.1.tgz",
      "integrity": "sha512-1P9w5fpb6b4qroePh8vHKGIvPNxwoCQhjJpIqfZGHLKpZ0xcU2/XBmFxFbc9697/6bmHpmFTLk5R1dAQhFSo0g==",
      "dev": true,
      "dependencies": {
        "fsevents": "~2.3.2"
      },
      "bin": {
        "rollup": "dist/bin/rollup"
      },
      "engines": {
        "node": ">=10.0.0"
      },
      "optionalDependencies": {
        "fsevents": "~2.3.2"
      }
    },
    "node_modules/source-map-js": {
      "version": "0.6.2",
      "resolved": "https://registry.npmjs.org/source-map-js/-/source-map-js-0.6.2.tgz",
      "integrity": "sha512-/3GptzWzu0+0MBQFrDKzw/DvvMTUORvgY6k6jd/VS6iCR4RDTKWH6v6WPwQoUO8667uQEf9Oe38DxAYWY5F/Ug==",
      "dev": true,
      "engines": {
        "node": ">=0.10.0"
      }
    },
    "node_modules/tosource": {
      "version": "2.0.0-alpha.3",
      "resolved": "https://registry.npmjs.org/tosource/-/tosource-2.0.0-alpha.3.tgz",
      "integrity": "sha512-KAB2lrSS48y91MzFPFuDg4hLbvDiyTjOVgaK7Erw+5AmZXNq4sFRVn8r6yxSLuNs15PaokrDRpS61ERY9uZOug==",
      "engines": {
        "node": ">=10"
      }
    },
    "node_modules/uuid": {
      "version": "8.3.2",
      "resolved": "https://registry.npmjs.org/uuid/-/uuid-8.3.2.tgz",
      "integrity": "sha512-+NYs2QeMWy+GWFOEm9xnn6HCDp0l7QBD7ml8zLUmJ+93Q5NF0NocErnwkTkXVFNiX3/fpC6afS8Dhb/gz7R7eg==",
      "peer": true,
      "bin": {
        "uuid": "dist/bin/uuid"
      }
    },
    "node_modules/vite": {
      "version": "2.4.4",
      "resolved": "https://registry.npmjs.org/vite/-/vite-2.4.4.tgz",
      "integrity": "sha512-m1wK6pFJKmaYA6AeZIUXyiAgUAAJzVXhIMYCdZUpCaFMGps0v0IlNJtbmPvkUhVEyautalajmnW5X6NboUPsnw==",
      "dev": true,
      "dependencies": {
        "esbuild": "^0.12.8",
        "fsevents": "~2.3.2",
        "postcss": "^8.3.6",
        "resolve": "^1.20.0",
        "rollup": "^2.38.5"
      },
      "bin": {
        "vite": "bin/vite.js"
      },
      "engines": {
        "node": ">=12.0.0"
      },
      "optionalDependencies": {
        "fsevents": "~2.3.2"
      }
    }
  },
  "dependencies": {
    "@crhio/jsdraft": {
      "version": "0.0.22",
      "resolved": "https://registry.npmjs.org/@crhio/jsdraft/-/jsdraft-0.0.22.tgz",
      "integrity": "sha512-gvGsDcSKV2DbFtG5WqXYoExLEyntG6npT4qzh35uufledF7EHBG1D2DdFf3KTV+8k8GDKAKQHRVuOBFalVB/Dw==",
      "peer": true,
      "requires": {
        "@crhio/offset": "^0.0.13",
        "@crhio/vector": "0.0.3",
        "@flatten-js/core": "^1.2.23",
        "commander": "^7.1.0",
        "dxf-writer": "1.7.0",
        "js-yaml": "^4.0.0",
        "lodash": "^4.17.21",
        "rbush": "^3.0.1",
        "uuid": "^8.3.2"
      }
    },
    "@crhio/offset": {
      "version": "0.0.13",
      "resolved": "https://registry.npmjs.org/@crhio/offset/-/offset-0.0.13.tgz",
      "integrity": "sha512-FKw3AexNZNgUZoupb7dasySa1Yog5NDr0M7FA+0k1oTXGSmSDLJYAFMu9ggtGs769aOXKiM7hoPxkWYja7cBVQ==",
      "peer": true,
      "requires": {
        "flatbush": "^3.3.0",
        "lodash": "^4.17.20"
      }
    },
    "@crhio/vector": {
      "version": "0.0.3",
      "resolved": "https://registry.npmjs.org/@crhio/vector/-/vector-0.0.3.tgz",
      "integrity": "sha512-x0/+hCwTjXo2V53asQoHJo2XvY9kB/mOP7WN54fDLLUq8/JNM0EAga5qbmLg6LxhKYpszegiqsGfauLJL3B/2w==",
      "peer": true
    },
    "@flatten-js/core": {
      "version": "1.2.24",
      "resolved": "https://registry.npmjs.org/@flatten-js/core/-/core-1.2.24.tgz",
      "integrity": "sha512-CgD8o+7xqnjNa4dUEbxLWSD4YgI/V3sKlVKCGrM2sGgrf77h3M1i/gF0MxY2nHgFnV/O+PCUMFn1bV67K9ZBgg==",
      "peer": true,
      "requires": {
        "@flatten-js/interval-tree": "^1.0.14"
      }
    },
    "@flatten-js/interval-tree": {
      "version": "1.0.14",
      "resolved": "https://registry.npmjs.org/@flatten-js/interval-tree/-/interval-tree-1.0.14.tgz",
      "integrity": "sha512-u7RFCMnrQb/fC6gIEXtfuqXFXN+yRDM+NSKZe0JECVyiDPTPqYDgkzvRHIX1NS1BxgK6BlZRLtPukAHoDJgGWg==",
      "peer": true
    },
    "@rollup/pluginutils": {
      "version": "4.1.1",
      "resolved": "https://registry.npmjs.org/@rollup/pluginutils/-/pluginutils-4.1.1.tgz",
      "integrity": "sha512-clDjivHqWGXi7u+0d2r2sBi4Ie6VLEAzWMIkvJLnDmxoOhBYOTfzGbOQBA32THHm11/LiJbd01tJUpJsbshSWQ==",
      "requires": {
        "estree-walker": "^2.0.1",
        "picomatch": "^2.2.2"
      }
    },
    "argparse": {
      "version": "2.0.1",
      "resolved": "https://registry.npmjs.org/argparse/-/argparse-2.0.1.tgz",
      "integrity": "sha512-8+9WqebbFzpX9OR+Wa6O29asIogeRMzcGtAINdpMHHyAg10f05aSFVBbcEqGf/PXw1EjAZ+q2/bEBg3DvurK3Q==",
      "peer": true
    },
    "colorette": {
      "version": "1.2.2",
      "resolved": "https://registry.npmjs.org/colorette/-/colorette-1.2.2.tgz",
      "integrity": "sha512-MKGMzyfeuutC/ZJ1cba9NqcNpfeqMUcYmyF1ZFY6/Cn7CNSAKx6a+s48sqLqyAiZuaP2TcqMhoo+dlwFnVxT9w==",
      "dev": true
    },
    "commander": {
      "version": "7.2.0",
      "resolved": "https://registry.npmjs.org/commander/-/commander-7.2.0.tgz",
      "integrity": "sha512-QrWXB+ZQSVPmIWIhtEO9H+gwHaMGYiF5ChvoJ+K9ZGHG/sVsa6yiesAD1GC/x46sET00Xlwo1u49RVVVzvcSkw==",
      "peer": true
    },
    "dxf-writer": {
      "version": "1.7.0",
      "resolved": "https://registry.npmjs.org/dxf-writer/-/dxf-writer-1.7.0.tgz",
      "integrity": "sha512-AToPeHdgSeGpZZJdvrzbKBvvfpNam9tG04XM7aKB4xIsc3CFbkq782FEA0v5LY98o5mstTFdqr5Y3WoRpPt6aw==",
      "peer": true
    },
    "esbuild": {
      "version": "0.12.17",
      "resolved": "https://registry.npmjs.org/esbuild/-/esbuild-0.12.17.tgz",
      "integrity": "sha512-GshKJyVYUnlSXIZj/NheC2O0Kblh42CS7P1wJyTbbIHevTG4jYMS9NNw8EOd8dDWD0dzydYHS01MpZoUcQXB4g==",
      "dev": true
    },
    "estree-walker": {
      "version": "2.0.2",
      "resolved": "https://registry.npmjs.org/estree-walker/-/estree-walker-2.0.2.tgz",
      "integrity": "sha512-Rfkk/Mp/DL7JVje3u18FxFujQlTNR2q6QfMSMB7AvCBx91NGj/ba3kCfza0f6dVDbw7YlRf/nDrn7pQrCCyQ/w=="
    },
    "flatbush": {
      "version": "3.3.0",
      "resolved": "https://registry.npmjs.org/flatbush/-/flatbush-3.3.0.tgz",
      "integrity": "sha512-F3EzQvKpdmXUbFwWxLKBpytOFEGYQMCTBLuqZ4GEajFOEAvnOIBiyxW3OFSZXIOtpCS8teN6bFEpNZtnVXuDQA==",
      "peer": true,
      "requires": {
        "flatqueue": "^1.2.0"
      }
    },
    "flatqueue": {
      "version": "1.2.1",
      "resolved": "https://registry.npmjs.org/flatqueue/-/flatqueue-1.2.1.tgz",
      "integrity": "sha512-X86TpWS1rGuY7m382HuA9vngLeDuWA9lJvhEG+GfgKMV5onSvx5a71cl7GMbXzhWtlN9dGfqOBrpfqeOtUfGYQ==",
      "peer": true
    },
    "fsevents": {
      "version": "2.3.2",
      "resolved": "https://registry.npmjs.org/fsevents/-/fsevents-2.3.2.tgz",
      "integrity": "sha512-xiqMQR4xAeHTuB9uWm+fFRcIOgKBMiOBP+eXiyT7jsgVCq1bkVygt00oASowB7EdtpOHaaPgKt812P9ab+DDKA==",
      "dev": true,
      "optional": true
    },
    "function-bind": {
      "version": "1.1.1",
      "resolved": "https://registry.npmjs.org/function-bind/-/function-bind-1.1.1.tgz",
      "integrity": "sha512-yIovAzMX49sF8Yl58fSCWJ5svSLuaibPxXQJFLmBObTuCr0Mf1KiPopGM9NiFjiYBCbfaa2Fh6breQ6ANVTI0A==",
      "dev": true
    },
    "has": {
      "version": "1.0.3",
      "resolved": "https://registry.npmjs.org/has/-/has-1.0.3.tgz",
      "integrity": "sha512-f2dvO0VU6Oej7RkWJGrehjbzMAjFp5/VKPp5tTpWIV4JHHZK1/BxbFRtf/siA2SWTe09caDmVtYYzWEIbBS4zw==",
      "dev": true,
      "requires": {
        "function-bind": "^1.1.1"
      }
    },
    "is-core-module": {
      "version": "2.5.0",
      "resolved": "https://registry.npmjs.org/is-core-module/-/is-core-module-2.5.0.tgz",
      "integrity": "sha512-TXCMSDsEHMEEZ6eCA8rwRDbLu55MRGmrctljsBX/2v1d9/GzqHOxW5c5oPSgrUt2vBFXebu9rGqckXGPWOlYpg==",
      "dev": true,
      "requires": {
        "has": "^1.0.3"
      }
    },
    "js-yaml": {
      "version": "4.1.0",
      "resolved": "https://registry.npmjs.org/js-yaml/-/js-yaml-4.1.0.tgz",
      "integrity": "sha512-wpxZs9NoxZaJESJGIZTyDEaYpl0FKSA+FB9aJiyemKhMwkxQg63h4T1KJgUGHpTqPDNRcmmYLugrRjJlBtWvRA==",
      "peer": true,
      "requires": {
        "argparse": "^2.0.1"
      }
    },
    "lodash": {
      "version": "4.17.21",
      "resolved": "https://registry.npmjs.org/lodash/-/lodash-4.17.21.tgz",
      "integrity": "sha512-v2kDEe57lecTulaDIuNTPy3Ry4gLGJ6Z1O3vE1krgXZNrsQ+LFTGHVxVjcXPs17LhbZVGedAJv8XZ1tvj5FvSg=="
    },
    "nanoid": {
      "version": "3.1.23",
      "resolved": "https://registry.npmjs.org/nanoid/-/nanoid-3.1.23.tgz",
      "integrity": "sha512-FiB0kzdP0FFVGDKlRLEQ1BgDzU87dy5NnzjeW9YZNt+/c3+q82EQDUwniSAUxp/F0gFNI1ZhKU1FqYsMuqZVnw==",
      "dev": true
    },
    "path-parse": {
      "version": "1.0.7",
      "resolved": "https://registry.npmjs.org/path-parse/-/path-parse-1.0.7.tgz",
      "integrity": "sha512-LDJzPVEEEPR+y48z93A0Ed0yXb8pAByGWo/k5YYdYgpY2/2EsOsksJrq7lOHxryrVOn1ejG6oAp8ahvOIQD8sw==",
      "dev": true
    },
    "picomatch": {
      "version": "2.3.0",
      "resolved": "https://registry.npmjs.org/picomatch/-/picomatch-2.3.0.tgz",
      "integrity": "sha512-lY1Q/PiJGC2zOv/z391WOTD+Z02bCgsFfvxoXXf6h7kv9o+WmsmzYqrAwY63sNgOxE4xEdq0WyUnXfKeBrSvYw=="
    },
    "postcss": {
      "version": "8.3.6",
      "resolved": "https://registry.npmjs.org/postcss/-/postcss-8.3.6.tgz",
      "integrity": "sha512-wG1cc/JhRgdqB6WHEuyLTedf3KIRuD0hG6ldkFEZNCjRxiC+3i6kkWUUbiJQayP28iwG35cEmAbe98585BYV0A==",
      "dev": true,
      "requires": {
        "colorette": "^1.2.2",
        "nanoid": "^3.1.23",
        "source-map-js": "^0.6.2"
      }
    },
    "quickselect": {
      "version": "2.0.0",
      "resolved": "https://registry.npmjs.org/quickselect/-/quickselect-2.0.0.tgz",
      "integrity": "sha512-RKJ22hX8mHe3Y6wH/N3wCM6BWtjaxIyyUIkpHOvfFnxdI4yD4tBXEBKSbriGujF6jnSVkJrffuo6vxACiSSxIw==",
      "peer": true
    },
    "rbush": {
      "version": "3.0.1",
      "resolved": "https://registry.npmjs.org/rbush/-/rbush-3.0.1.tgz",
      "integrity": "sha512-XRaVO0YecOpEuIvbhbpTrZgoiI6xBlz6hnlr6EHhd+0x9ase6EmeN+hdwwUaJvLcsFFQ8iWVF1GAK1yB0BWi0w==",
      "peer": true,
      "requires": {
        "quickselect": "^2.0.0"
      }
    },
    "resolve": {
      "version": "1.20.0",
      "resolved": "https://registry.npmjs.org/resolve/-/resolve-1.20.0.tgz",
      "integrity": "sha512-wENBPt4ySzg4ybFQW2TT1zMQucPK95HSh/nq2CFTZVOGut2+pQvSsgtda4d26YrYcr067wjbmzOG8byDPBX63A==",
      "dev": true,
      "requires": {
        "is-core-module": "^2.2.0",
        "path-parse": "^1.0.6"
      }
    },
    "rollup": {
      "version": "2.55.1",
      "resolved": "https://registry.npmjs.org/rollup/-/rollup-2.55.1.tgz",
      "integrity": "sha512-1P9w5fpb6b4qroePh8vHKGIvPNxwoCQhjJpIqfZGHLKpZ0xcU2/XBmFxFbc9697/6bmHpmFTLk5R1dAQhFSo0g==",
      "dev": true,
      "requires": {
        "fsevents": "~2.3.2"
      }
    },
    "source-map-js": {
      "version": "0.6.2",
      "resolved": "https://registry.npmjs.org/source-map-js/-/source-map-js-0.6.2.tgz",
      "integrity": "sha512-/3GptzWzu0+0MBQFrDKzw/DvvMTUORvgY6k6jd/VS6iCR4RDTKWH6v6WPwQoUO8667uQEf9Oe38DxAYWY5F/Ug==",
      "dev": true
    },
    "tosource": {
      "version": "2.0.0-alpha.3",
      "resolved": "https://registry.npmjs.org/tosource/-/tosource-2.0.0-alpha.3.tgz",
      "integrity": "sha512-KAB2lrSS48y91MzFPFuDg4hLbvDiyTjOVgaK7Erw+5AmZXNq4sFRVn8r6yxSLuNs15PaokrDRpS61ERY9uZOug=="
    },
    "uuid": {
      "version": "8.3.2",
      "resolved": "https://registry.npmjs.org/uuid/-/uuid-8.3.2.tgz",
      "integrity": "sha512-+NYs2QeMWy+GWFOEm9xnn6HCDp0l7QBD7ml8zLUmJ+93Q5NF0NocErnwkTkXVFNiX3/fpC6afS8Dhb/gz7R7eg==",
      "peer": true
    },
    "vite": {
      "version": "2.4.4",
      "resolved": "https://registry.npmjs.org/vite/-/vite-2.4.4.tgz",
      "integrity": "sha512-m1wK6pFJKmaYA6AeZIUXyiAgUAAJzVXhIMYCdZUpCaFMGps0v0IlNJtbmPvkUhVEyautalajmnW5X6NboUPsnw==",
      "dev": true,
      "requires": {
        "esbuild": "^0.12.8",
        "fsevents": "~2.3.2",
        "postcss": "^8.3.6",
        "resolve": "^1.20.0",
        "rollup": "^2.38.5"
      }
    }
  }
}
