{
  "name": "@crhio/vite-plugin-jsdraft",
  "version": "0.0.1",
  "lockfileVersion": 2,
  "requires": true,
  "packages": {
    "": {
      "name": "@crhio/vite-plugin-jsdraft",
      "version": "0.0.1",
      "dependencies": {
        "@crhio/jsdraft": "^0.0.2",
        "@rollup/pluginutils": "^4.1.0",
        "lodash": "^4.17.21",
        "tosource": "^2.0.0-alpha.2"
      }
    },
    "node_modules/@crhio/jsdraft": {
      "version": "0.0.2",
      "resolved": "https://registry.npmjs.org/@crhio/jsdraft/-/jsdraft-0.0.2.tgz",
      "integrity": "sha512-+2FAXqOMQstrfyYlLmKGMoT2agLnIQxtShd9uQH5RiEkA/SeiFls15jh+NUaKojCbI189LI19X/5mUkVO8Wuiw==",
      "dependencies": {
        "@crhio/offset": "^0.0.8",
        "@crhio/vector": "0.0.3",
        "@flatten-js/core": "git://github.com/leviat-tech/flatten-js.git#arc-reflection",
        "commander": "^7.1.0",
        "glob": "^7.1.6",
        "js-yaml": "^4.0.0",
        "lodash": "^4.17.21",
        "mathjs": "^8.1.0",
        "pdf-lib": "^1.13.0",
        "rbush": "^3.0.1",
        "uuid": "^8.3.2"
      },
      "bin": {
        "jsdraft": "src/cli.js"
      }
    },
    "node_modules/@crhio/offset": {
      "version": "0.0.8",
      "resolved": "https://registry.npmjs.org/@crhio/offset/-/offset-0.0.8.tgz",
      "integrity": "sha512-RdzIDmj1F707wR5Z/sT7v0xLdEjDq6C+GO8Jgwm3RNkXDITF6Rd4oWVei9gL6H5rKk4brQYc0zEcHnWQH8kBQw==",
      "dependencies": {
        "flatbush": "^3.3.0",
        "lodash": "^4.17.20"
      }
    },
    "node_modules/@crhio/vector": {
      "version": "0.0.3",
      "resolved": "https://registry.npmjs.org/@crhio/vector/-/vector-0.0.3.tgz",
      "integrity": "sha512-x0/+hCwTjXo2V53asQoHJo2XvY9kB/mOP7WN54fDLLUq8/JNM0EAga5qbmLg6LxhKYpszegiqsGfauLJL3B/2w=="
    },
    "node_modules/@flatten-js/core": {
      "version": "1.2.22",
      "resolved": "git+ssh://git@github.com/leviat-tech/flatten-js.git#a732f2a9d078c971d6e29b49c1f14859afc27e84",
      "license": "MIT",
      "dependencies": {
        "@flatten-js/interval-tree": "^1.0.13"
      },
      "engines": {
        "node": ">=4.2.4"
      }
    },
    "node_modules/@flatten-js/interval-tree": {
      "version": "1.0.13",
      "resolved": "https://registry.npmjs.org/@flatten-js/interval-tree/-/interval-tree-1.0.13.tgz",
      "integrity": "sha512-5thHHdUZIRdPdEPx6G9tY6mHFMGoXsq9/ivemRszDcEkERXqlZAv+7NozaFbAUOvKXxyWoccSnLyjK0c5UWJeQ=="
    },
    "node_modules/@pdf-lib/standard-fonts": {
      "version": "1.0.0",
      "resolved": "https://registry.npmjs.org/@pdf-lib/standard-fonts/-/standard-fonts-1.0.0.tgz",
      "integrity": "sha512-hU30BK9IUN/su0Mn9VdlVKsWBS6GyhVfqjwl1FjZN4TxP6cCw0jP2w7V3Hf5uX7M0AZJ16vey9yE0ny7Sa59ZA==",
      "dependencies": {
        "pako": "^1.0.6"
      }
    },
    "node_modules/@pdf-lib/upng": {
      "version": "1.0.1",
      "resolved": "https://registry.npmjs.org/@pdf-lib/upng/-/upng-1.0.1.tgz",
      "integrity": "sha512-dQK2FUMQtowVP00mtIksrlZhdFXQZPC+taih1q4CvPZ5vqdxR/LKBaFg0oAfzd1GlHZXXSPdQfzQnt+ViGvEIQ==",
      "dependencies": {
        "pako": "^1.0.10"
      }
    },
    "node_modules/@rollup/pluginutils": {
      "version": "4.1.0",
      "resolved": "https://registry.npmjs.org/@rollup/pluginutils/-/pluginutils-4.1.0.tgz",
      "integrity": "sha512-TrBhfJkFxA+ER+ew2U2/fHbebhLT/l/2pRk0hfj9KusXUuRXd2v0R58AfaZK9VXDQ4TogOSEmICVrQAA3zFnHQ==",
      "dependencies": {
        "estree-walker": "^2.0.1",
        "picomatch": "^2.2.2"
      },
      "engines": {
        "node": ">= 8.0.0"
      },
      "peerDependencies": {
        "rollup": "^1.20.0||^2.0.0"
      }
    },
    "node_modules/argparse": {
      "version": "2.0.1",
      "resolved": "https://registry.npmjs.org/argparse/-/argparse-2.0.1.tgz",
      "integrity": "sha512-8+9WqebbFzpX9OR+Wa6O29asIogeRMzcGtAINdpMHHyAg10f05aSFVBbcEqGf/PXw1EjAZ+q2/bEBg3DvurK3Q=="
    },
    "node_modules/balanced-match": {
      "version": "1.0.2",
      "resolved": "https://registry.npmjs.org/balanced-match/-/balanced-match-1.0.2.tgz",
      "integrity": "sha512-3oSeUO0TMV67hN1AmbXsK4yaqU7tjiHlbxRDZOpH0KW9+CeX4bRAaX0Anxt0tx2MrpRpWwQaPwIlISEJhYU5Pw=="
    },
    "node_modules/brace-expansion": {
      "version": "1.1.11",
      "resolved": "https://registry.npmjs.org/brace-expansion/-/brace-expansion-1.1.11.tgz",
      "integrity": "sha512-iCuPHDFgrHX7H2vEI/5xpz07zSHB00TpugqhmYtVmMO6518mCuRMoOYFldEBl0g187ufozdaHgWKcYFb61qGiA==",
      "dependencies": {
        "balanced-match": "^1.0.0",
        "concat-map": "0.0.1"
      }
    },
    "node_modules/commander": {
      "version": "7.2.0",
      "resolved": "https://registry.npmjs.org/commander/-/commander-7.2.0.tgz",
      "integrity": "sha512-QrWXB+ZQSVPmIWIhtEO9H+gwHaMGYiF5ChvoJ+K9ZGHG/sVsa6yiesAD1GC/x46sET00Xlwo1u49RVVVzvcSkw==",
      "engines": {
        "node": ">= 10"
      }
    },
    "node_modules/complex.js": {
      "version": "2.0.12",
      "resolved": "https://registry.npmjs.org/complex.js/-/complex.js-2.0.12.tgz",
      "integrity": "sha512-oQX99fwL6LrTVg82gDY1dIWXy6qZRnRL35N+YhIX0N7tSwsa0KFy6IEMHTNuCW4mP7FS7MEqZ/2I/afzYwPldw==",
      "engines": {
        "node": "*"
      }
    },
    "node_modules/concat-map": {
      "version": "0.0.1",
      "resolved": "https://registry.npmjs.org/concat-map/-/concat-map-0.0.1.tgz",
      "integrity": "sha1-2Klr13/Wjfd5OnMDajug1UBdR3s="
    },
    "node_modules/decimal.js": {
      "version": "10.2.1",
      "resolved": "https://registry.npmjs.org/decimal.js/-/decimal.js-10.2.1.tgz",
      "integrity": "sha512-KaL7+6Fw6i5A2XSnsbhm/6B+NuEA7TZ4vqxnd5tXz9sbKtrN9Srj8ab4vKVdK8YAqZO9P1kg45Y6YLoduPf+kw=="
    },
    "node_modules/escape-latex": {
      "version": "1.2.0",
      "resolved": "https://registry.npmjs.org/escape-latex/-/escape-latex-1.2.0.tgz",
      "integrity": "sha512-nV5aVWW1K0wEiUIEdZ4erkGGH8mDxGyxSeqPzRNtWP7ataw+/olFObw7hujFWlVjNsaDFw5VZ5NzVSIqRgfTiw=="
    },
    "node_modules/estree-walker": {
      "version": "2.0.2",
      "resolved": "https://registry.npmjs.org/estree-walker/-/estree-walker-2.0.2.tgz",
      "integrity": "sha512-Rfkk/Mp/DL7JVje3u18FxFujQlTNR2q6QfMSMB7AvCBx91NGj/ba3kCfza0f6dVDbw7YlRf/nDrn7pQrCCyQ/w=="
    },
    "node_modules/flatbush": {
      "version": "3.3.0",
      "resolved": "https://registry.npmjs.org/flatbush/-/flatbush-3.3.0.tgz",
      "integrity": "sha512-F3EzQvKpdmXUbFwWxLKBpytOFEGYQMCTBLuqZ4GEajFOEAvnOIBiyxW3OFSZXIOtpCS8teN6bFEpNZtnVXuDQA==",
      "dependencies": {
        "flatqueue": "^1.2.0"
      }
    },
    "node_modules/flatqueue": {
      "version": "1.2.1",
      "resolved": "https://registry.npmjs.org/flatqueue/-/flatqueue-1.2.1.tgz",
      "integrity": "sha512-X86TpWS1rGuY7m382HuA9vngLeDuWA9lJvhEG+GfgKMV5onSvx5a71cl7GMbXzhWtlN9dGfqOBrpfqeOtUfGYQ=="
    },
    "node_modules/fraction.js": {
      "version": "4.0.13",
      "resolved": "https://registry.npmjs.org/fraction.js/-/fraction.js-4.0.13.tgz",
      "integrity": "sha512-E1fz2Xs9ltlUp+qbiyx9wmt2n9dRzPsS11Jtdb8D2o+cC7wr9xkkKsVKJuBX0ST+LVS+LhLO+SbLJNtfWcJvXA==",
      "engines": {
        "node": "*"
      }
    },
    "node_modules/fs.realpath": {
      "version": "1.0.0",
      "resolved": "https://registry.npmjs.org/fs.realpath/-/fs.realpath-1.0.0.tgz",
      "integrity": "sha1-FQStJSMVjKpA20onh8sBQRmU6k8="
    },
    "node_modules/fsevents": {
      "version": "2.3.2",
      "resolved": "https://registry.npmjs.org/fsevents/-/fsevents-2.3.2.tgz",
      "integrity": "sha512-xiqMQR4xAeHTuB9uWm+fFRcIOgKBMiOBP+eXiyT7jsgVCq1bkVygt00oASowB7EdtpOHaaPgKt812P9ab+DDKA==",
      "hasInstallScript": true,
      "optional": true,
      "os": [
        "darwin"
      ],
      "peer": true,
      "engines": {
        "node": "^8.16.0 || ^10.6.0 || >=11.0.0"
      }
    },
    "node_modules/glob": {
      "version": "7.1.6",
      "resolved": "https://registry.npmjs.org/glob/-/glob-7.1.6.tgz",
      "integrity": "sha512-LwaxwyZ72Lk7vZINtNNrywX0ZuLyStrdDtabefZKAY5ZGJhVtgdznluResxNmPitE0SAO+O26sWTHeKSI2wMBA==",
      "dependencies": {
        "fs.realpath": "^1.0.0",
        "inflight": "^1.0.4",
        "inherits": "2",
        "minimatch": "^3.0.4",
        "once": "^1.3.0",
        "path-is-absolute": "^1.0.0"
      },
      "engines": {
        "node": "*"
      },
      "funding": {
        "url": "https://github.com/sponsors/isaacs"
      }
    },
    "node_modules/inflight": {
      "version": "1.0.6",
      "resolved": "https://registry.npmjs.org/inflight/-/inflight-1.0.6.tgz",
      "integrity": "sha1-Sb1jMdfQLQwJvJEKEHW6gWW1bfk=",
      "dependencies": {
        "once": "^1.3.0",
        "wrappy": "1"
      }
    },
    "node_modules/inherits": {
      "version": "2.0.4",
      "resolved": "https://registry.npmjs.org/inherits/-/inherits-2.0.4.tgz",
      "integrity": "sha512-k/vGaX4/Yla3WzyMCvTQOXYeIHvqOKtnqBduzTHpzpQZzAskKMhZ2K+EnBiSM9zGSoIFeMpXKxa4dYeZIQqewQ=="
    },
    "node_modules/javascript-natural-sort": {
      "version": "0.7.1",
      "resolved": "https://registry.npmjs.org/javascript-natural-sort/-/javascript-natural-sort-0.7.1.tgz",
      "integrity": "sha1-+eIwPUUH9tdDVac2ZNFED7Wg71k="
    },
    "node_modules/js-yaml": {
      "version": "4.1.0",
      "resolved": "https://registry.npmjs.org/js-yaml/-/js-yaml-4.1.0.tgz",
      "integrity": "sha512-wpxZs9NoxZaJESJGIZTyDEaYpl0FKSA+FB9aJiyemKhMwkxQg63h4T1KJgUGHpTqPDNRcmmYLugrRjJlBtWvRA==",
      "dependencies": {
        "argparse": "^2.0.1"
      },
      "bin": {
        "js-yaml": "bin/js-yaml.js"
      }
    },
    "node_modules/lodash": {
      "version": "4.17.21",
      "resolved": "https://registry.npmjs.org/lodash/-/lodash-4.17.21.tgz",
      "integrity": "sha512-v2kDEe57lecTulaDIuNTPy3Ry4gLGJ6Z1O3vE1krgXZNrsQ+LFTGHVxVjcXPs17LhbZVGedAJv8XZ1tvj5FvSg=="
    },
    "node_modules/mathjs": {
      "version": "8.1.1",
      "resolved": "https://registry.npmjs.org/mathjs/-/mathjs-8.1.1.tgz",
      "integrity": "sha512-b3TX3EgiZObujjwb8lZnTDLUuivC2jar4ZBjmGJ4stFYCDXx/DNwx5yry5t/z65p9mvejyZel1qoeR05KtChcQ==",
      "dependencies": {
        "complex.js": "^2.0.11",
        "decimal.js": "^10.2.1",
        "escape-latex": "^1.2.0",
        "fraction.js": "^4.0.13",
        "javascript-natural-sort": "^0.7.1",
        "seedrandom": "^3.0.5",
        "tiny-emitter": "^2.1.0",
        "typed-function": "^2.0.0"
      },
      "bin": {
        "mathjs": "bin/cli.js"
      },
      "engines": {
        "node": ">= 10"
      }
    },
    "node_modules/minimatch": {
      "version": "3.0.4",
      "resolved": "https://registry.npmjs.org/minimatch/-/minimatch-3.0.4.tgz",
      "integrity": "sha512-yJHVQEhyqPLUTgt9B83PXu6W3rx4MvvHvSUvToogpwoGDOUQ+yDrR0HRot+yOCdCO7u4hX3pWft6kWBBcqh0UA==",
      "dependencies": {
        "brace-expansion": "^1.1.7"
      },
      "engines": {
        "node": "*"
      }
    },
    "node_modules/once": {
      "version": "1.4.0",
      "resolved": "https://registry.npmjs.org/once/-/once-1.4.0.tgz",
      "integrity": "sha1-WDsap3WWHUsROsF9nFC6753Xa9E=",
      "dependencies": {
        "wrappy": "1"
      }
    },
    "node_modules/pako": {
      "version": "1.0.11",
      "resolved": "https://registry.npmjs.org/pako/-/pako-1.0.11.tgz",
      "integrity": "sha512-4hLB8Py4zZce5s4yd9XzopqwVv/yGNhV1Bl8NTmCq1763HeK2+EwVTv+leGeL13Dnh2wfbqowVPXCIO0z4taYw=="
    },
    "node_modules/path-is-absolute": {
      "version": "1.0.1",
      "resolved": "https://registry.npmjs.org/path-is-absolute/-/path-is-absolute-1.0.1.tgz",
      "integrity": "sha1-F0uSaHNVNP+8es5r9TpanhtcX18=",
      "engines": {
        "node": ">=0.10.0"
      }
    },
    "node_modules/pdf-lib": {
      "version": "1.16.0",
      "resolved": "https://registry.npmjs.org/pdf-lib/-/pdf-lib-1.16.0.tgz",
      "integrity": "sha512-P/1SSmElOBKrPlbc+Sn7UxikRQbzVA64+4Dh6/uczPscvq/NatP9eryoOguyBTpTnzICNiG8EnMH4Ziqp2TnFA==",
      "dependencies": {
        "@pdf-lib/standard-fonts": "^1.0.0",
        "@pdf-lib/upng": "^1.0.1",
        "pako": "^1.0.11",
        "tslib": "^1.11.1"
      }
    },
    "node_modules/picomatch": {
      "version": "2.2.3",
      "resolved": "https://registry.npmjs.org/picomatch/-/picomatch-2.2.3.tgz",
      "integrity": "sha512-KpELjfwcCDUb9PeigTs2mBJzXUPzAuP2oPcA989He8Rte0+YUAjw1JVedDhuTKPkHjSYzMN3npC9luThGYEKdg==",
      "engines": {
        "node": ">=8.6"
      },
      "funding": {
        "url": "https://github.com/sponsors/jonschlinkert"
      }
    },
    "node_modules/quickselect": {
      "version": "2.0.0",
      "resolved": "https://registry.npmjs.org/quickselect/-/quickselect-2.0.0.tgz",
      "integrity": "sha512-RKJ22hX8mHe3Y6wH/N3wCM6BWtjaxIyyUIkpHOvfFnxdI4yD4tBXEBKSbriGujF6jnSVkJrffuo6vxACiSSxIw=="
    },
    "node_modules/rbush": {
      "version": "3.0.1",
      "resolved": "https://registry.npmjs.org/rbush/-/rbush-3.0.1.tgz",
      "integrity": "sha512-XRaVO0YecOpEuIvbhbpTrZgoiI6xBlz6hnlr6EHhd+0x9ase6EmeN+hdwwUaJvLcsFFQ8iWVF1GAK1yB0BWi0w==",
      "dependencies": {
        "quickselect": "^2.0.0"
      }
    },
    "node_modules/rollup": {
      "version": "2.46.0",
      "resolved": "https://registry.npmjs.org/rollup/-/rollup-2.46.0.tgz",
      "integrity": "sha512-qPGoUBNl+Z8uNu0z7pD3WPTABWRbcOwIrO/5ccDJzmrtzn0LVf6Lj91+L5CcWhXl6iWf23FQ6m8Jkl2CmN1O7Q==",
      "peer": true,
      "dependencies": {
        "fsevents": "~2.3.1"
      },
      "bin": {
        "rollup": "dist/bin/rollup"
      },
      "engines": {
        "node": ">=10.0.0"
      },
      "optionalDependencies": {
        "fsevents": "~2.3.1"
      }
    },
    "node_modules/seedrandom": {
      "version": "3.0.5",
      "resolved": "https://registry.npmjs.org/seedrandom/-/seedrandom-3.0.5.tgz",
      "integrity": "sha512-8OwmbklUNzwezjGInmZ+2clQmExQPvomqjL7LFqOYqtmuxRgQYqOD3mHaU+MvZn5FLUeVxVfQjwLZW/n/JFuqg=="
    },
    "node_modules/tiny-emitter": {
      "version": "2.1.0",
      "resolved": "https://registry.npmjs.org/tiny-emitter/-/tiny-emitter-2.1.0.tgz",
      "integrity": "sha512-NB6Dk1A9xgQPMoGqC5CVXn123gWyte215ONT5Pp5a0yt4nlEoO1ZWeCwpncaekPHXO60i47ihFnZPiRPjRMq4Q=="
    },
    "node_modules/tosource": {
      "version": "2.0.0-alpha.2",
      "resolved": "https://registry.npmjs.org/tosource/-/tosource-2.0.0-alpha.2.tgz",
      "integrity": "sha512-WR68bGIDsg1eBF2uHV4bIYYoAeXD3GGj9mToy3AGKnelZgsfuhCrE5xKFvLp7G66N5gTMWkDzN/+iyMrvsVxSA==",
      "engines": {
        "node": ">=10"
      }
    },
    "node_modules/tslib": {
      "version": "1.14.1",
      "resolved": "https://registry.npmjs.org/tslib/-/tslib-1.14.1.tgz",
      "integrity": "sha512-Xni35NKzjgMrwevysHTCArtLDpPvye8zV/0E4EyYn43P7/7qvQwPh9BGkHewbMulVntbigmcT7rdX3BNo9wRJg=="
    },
    "node_modules/typed-function": {
      "version": "2.0.0",
      "resolved": "https://registry.npmjs.org/typed-function/-/typed-function-2.0.0.tgz",
      "integrity": "sha512-Hhy1Iwo/e4AtLZNK10ewVVcP2UEs408DS35ubP825w/YgSBK1KVLwALvvIG4yX75QJrxjCpcWkzkVRB0BwwYlA==",
      "engines": {
        "node": ">= 8"
      }
    },
    "node_modules/uuid": {
      "version": "8.3.2",
      "resolved": "https://registry.npmjs.org/uuid/-/uuid-8.3.2.tgz",
      "integrity": "sha512-+NYs2QeMWy+GWFOEm9xnn6HCDp0l7QBD7ml8zLUmJ+93Q5NF0NocErnwkTkXVFNiX3/fpC6afS8Dhb/gz7R7eg==",
      "bin": {
        "uuid": "dist/bin/uuid"
      }
    },
    "node_modules/wrappy": {
      "version": "1.0.2",
      "resolved": "https://registry.npmjs.org/wrappy/-/wrappy-1.0.2.tgz",
      "integrity": "sha1-tSQ9jz7BqjXxNkYFvA0QNuMKtp8="
    }
  },
  "dependencies": {
    "@crhio/jsdraft": {
      "version": "0.0.2",
      "resolved": "https://registry.npmjs.org/@crhio/jsdraft/-/jsdraft-0.0.2.tgz",
      "integrity": "sha512-+2FAXqOMQstrfyYlLmKGMoT2agLnIQxtShd9uQH5RiEkA/SeiFls15jh+NUaKojCbI189LI19X/5mUkVO8Wuiw==",
      "requires": {
        "@crhio/offset": "^0.0.8",
        "@crhio/vector": "0.0.3",
        "@flatten-js/core": "git://github.com/leviat-tech/flatten-js.git#arc-reflection",
        "commander": "^7.1.0",
        "glob": "^7.1.6",
        "js-yaml": "^4.0.0",
        "lodash": "^4.17.21",
        "mathjs": "^8.1.0",
        "pdf-lib": "^1.13.0",
        "rbush": "^3.0.1",
        "uuid": "^8.3.2"
      }
    },
    "@crhio/offset": {
      "version": "0.0.8",
      "resolved": "https://registry.npmjs.org/@crhio/offset/-/offset-0.0.8.tgz",
      "integrity": "sha512-RdzIDmj1F707wR5Z/sT7v0xLdEjDq6C+GO8Jgwm3RNkXDITF6Rd4oWVei9gL6H5rKk4brQYc0zEcHnWQH8kBQw==",
      "requires": {
        "flatbush": "^3.3.0",
        "lodash": "^4.17.20"
      }
    },
    "@crhio/vector": {
      "version": "0.0.3",
      "resolved": "https://registry.npmjs.org/@crhio/vector/-/vector-0.0.3.tgz",
      "integrity": "sha512-x0/+hCwTjXo2V53asQoHJo2XvY9kB/mOP7WN54fDLLUq8/JNM0EAga5qbmLg6LxhKYpszegiqsGfauLJL3B/2w=="
    },
    "@flatten-js/core": {
      "version": "git+ssh://git@github.com/leviat-tech/flatten-js.git#a732f2a9d078c971d6e29b49c1f14859afc27e84",
      "from": "@flatten-js/core@git://github.com/leviat-tech/flatten-js.git#arc-reflection",
      "requires": {
        "@flatten-js/interval-tree": "^1.0.13"
      }
    },
    "@flatten-js/interval-tree": {
      "version": "1.0.13",
      "resolved": "https://registry.npmjs.org/@flatten-js/interval-tree/-/interval-tree-1.0.13.tgz",
      "integrity": "sha512-5thHHdUZIRdPdEPx6G9tY6mHFMGoXsq9/ivemRszDcEkERXqlZAv+7NozaFbAUOvKXxyWoccSnLyjK0c5UWJeQ=="
    },
    "@pdf-lib/standard-fonts": {
      "version": "1.0.0",
      "resolved": "https://registry.npmjs.org/@pdf-lib/standard-fonts/-/standard-fonts-1.0.0.tgz",
      "integrity": "sha512-hU30BK9IUN/su0Mn9VdlVKsWBS6GyhVfqjwl1FjZN4TxP6cCw0jP2w7V3Hf5uX7M0AZJ16vey9yE0ny7Sa59ZA==",
      "requires": {
        "pako": "^1.0.6"
      }
    },
    "@pdf-lib/upng": {
      "version": "1.0.1",
      "resolved": "https://registry.npmjs.org/@pdf-lib/upng/-/upng-1.0.1.tgz",
      "integrity": "sha512-dQK2FUMQtowVP00mtIksrlZhdFXQZPC+taih1q4CvPZ5vqdxR/LKBaFg0oAfzd1GlHZXXSPdQfzQnt+ViGvEIQ==",
      "requires": {
        "pako": "^1.0.10"
      }
    },
    "@rollup/pluginutils": {
      "version": "4.1.0",
      "resolved": "https://registry.npmjs.org/@rollup/pluginutils/-/pluginutils-4.1.0.tgz",
      "integrity": "sha512-TrBhfJkFxA+ER+ew2U2/fHbebhLT/l/2pRk0hfj9KusXUuRXd2v0R58AfaZK9VXDQ4TogOSEmICVrQAA3zFnHQ==",
      "requires": {
        "estree-walker": "^2.0.1",
        "picomatch": "^2.2.2"
      }
    },
    "argparse": {
      "version": "2.0.1",
      "resolved": "https://registry.npmjs.org/argparse/-/argparse-2.0.1.tgz",
      "integrity": "sha512-8+9WqebbFzpX9OR+Wa6O29asIogeRMzcGtAINdpMHHyAg10f05aSFVBbcEqGf/PXw1EjAZ+q2/bEBg3DvurK3Q=="
    },
    "balanced-match": {
      "version": "1.0.2",
      "resolved": "https://registry.npmjs.org/balanced-match/-/balanced-match-1.0.2.tgz",
      "integrity": "sha512-3oSeUO0TMV67hN1AmbXsK4yaqU7tjiHlbxRDZOpH0KW9+CeX4bRAaX0Anxt0tx2MrpRpWwQaPwIlISEJhYU5Pw=="
    },
    "brace-expansion": {
      "version": "1.1.11",
      "resolved": "https://registry.npmjs.org/brace-expansion/-/brace-expansion-1.1.11.tgz",
      "integrity": "sha512-iCuPHDFgrHX7H2vEI/5xpz07zSHB00TpugqhmYtVmMO6518mCuRMoOYFldEBl0g187ufozdaHgWKcYFb61qGiA==",
      "requires": {
        "balanced-match": "^1.0.0",
        "concat-map": "0.0.1"
      }
    },
    "commander": {
      "version": "7.2.0",
      "resolved": "https://registry.npmjs.org/commander/-/commander-7.2.0.tgz",
      "integrity": "sha512-QrWXB+ZQSVPmIWIhtEO9H+gwHaMGYiF5ChvoJ+K9ZGHG/sVsa6yiesAD1GC/x46sET00Xlwo1u49RVVVzvcSkw=="
    },
    "complex.js": {
      "version": "2.0.12",
      "resolved": "https://registry.npmjs.org/complex.js/-/complex.js-2.0.12.tgz",
      "integrity": "sha512-oQX99fwL6LrTVg82gDY1dIWXy6qZRnRL35N+YhIX0N7tSwsa0KFy6IEMHTNuCW4mP7FS7MEqZ/2I/afzYwPldw=="
    },
    "concat-map": {
      "version": "0.0.1",
      "resolved": "https://registry.npmjs.org/concat-map/-/concat-map-0.0.1.tgz",
      "integrity": "sha1-2Klr13/Wjfd5OnMDajug1UBdR3s="
    },
    "decimal.js": {
      "version": "10.2.1",
      "resolved": "https://registry.npmjs.org/decimal.js/-/decimal.js-10.2.1.tgz",
      "integrity": "sha512-KaL7+6Fw6i5A2XSnsbhm/6B+NuEA7TZ4vqxnd5tXz9sbKtrN9Srj8ab4vKVdK8YAqZO9P1kg45Y6YLoduPf+kw=="
    },
    "escape-latex": {
      "version": "1.2.0",
      "resolved": "https://registry.npmjs.org/escape-latex/-/escape-latex-1.2.0.tgz",
      "integrity": "sha512-nV5aVWW1K0wEiUIEdZ4erkGGH8mDxGyxSeqPzRNtWP7ataw+/olFObw7hujFWlVjNsaDFw5VZ5NzVSIqRgfTiw=="
    },
    "estree-walker": {
      "version": "2.0.2",
      "resolved": "https://registry.npmjs.org/estree-walker/-/estree-walker-2.0.2.tgz",
      "integrity": "sha512-Rfkk/Mp/DL7JVje3u18FxFujQlTNR2q6QfMSMB7AvCBx91NGj/ba3kCfza0f6dVDbw7YlRf/nDrn7pQrCCyQ/w=="
    },
    "flatbush": {
      "version": "3.3.0",
      "resolved": "https://registry.npmjs.org/flatbush/-/flatbush-3.3.0.tgz",
      "integrity": "sha512-F3EzQvKpdmXUbFwWxLKBpytOFEGYQMCTBLuqZ4GEajFOEAvnOIBiyxW3OFSZXIOtpCS8teN6bFEpNZtnVXuDQA==",
      "requires": {
        "flatqueue": "^1.2.0"
      }
    },
    "flatqueue": {
      "version": "1.2.1",
      "resolved": "https://registry.npmjs.org/flatqueue/-/flatqueue-1.2.1.tgz",
      "integrity": "sha512-X86TpWS1rGuY7m382HuA9vngLeDuWA9lJvhEG+GfgKMV5onSvx5a71cl7GMbXzhWtlN9dGfqOBrpfqeOtUfGYQ=="
    },
    "fraction.js": {
      "version": "4.0.13",
      "resolved": "https://registry.npmjs.org/fraction.js/-/fraction.js-4.0.13.tgz",
      "integrity": "sha512-E1fz2Xs9ltlUp+qbiyx9wmt2n9dRzPsS11Jtdb8D2o+cC7wr9xkkKsVKJuBX0ST+LVS+LhLO+SbLJNtfWcJvXA=="
    },
    "fs.realpath": {
      "version": "1.0.0",
      "resolved": "https://registry.npmjs.org/fs.realpath/-/fs.realpath-1.0.0.tgz",
      "integrity": "sha1-FQStJSMVjKpA20onh8sBQRmU6k8="
    },
    "fsevents": {
      "version": "2.3.2",
      "resolved": "https://registry.npmjs.org/fsevents/-/fsevents-2.3.2.tgz",
      "integrity": "sha512-xiqMQR4xAeHTuB9uWm+fFRcIOgKBMiOBP+eXiyT7jsgVCq1bkVygt00oASowB7EdtpOHaaPgKt812P9ab+DDKA==",
      "optional": true,
      "peer": true
    },
    "glob": {
      "version": "7.1.6",
      "resolved": "https://registry.npmjs.org/glob/-/glob-7.1.6.tgz",
      "integrity": "sha512-LwaxwyZ72Lk7vZINtNNrywX0ZuLyStrdDtabefZKAY5ZGJhVtgdznluResxNmPitE0SAO+O26sWTHeKSI2wMBA==",
      "requires": {
        "fs.realpath": "^1.0.0",
        "inflight": "^1.0.4",
        "inherits": "2",
        "minimatch": "^3.0.4",
        "once": "^1.3.0",
        "path-is-absolute": "^1.0.0"
      }
    },
    "inflight": {
      "version": "1.0.6",
      "resolved": "https://registry.npmjs.org/inflight/-/inflight-1.0.6.tgz",
      "integrity": "sha1-Sb1jMdfQLQwJvJEKEHW6gWW1bfk=",
      "requires": {
        "once": "^1.3.0",
        "wrappy": "1"
      }
    },
    "inherits": {
      "version": "2.0.4",
      "resolved": "https://registry.npmjs.org/inherits/-/inherits-2.0.4.tgz",
      "integrity": "sha512-k/vGaX4/Yla3WzyMCvTQOXYeIHvqOKtnqBduzTHpzpQZzAskKMhZ2K+EnBiSM9zGSoIFeMpXKxa4dYeZIQqewQ=="
    },
    "javascript-natural-sort": {
      "version": "0.7.1",
      "resolved": "https://registry.npmjs.org/javascript-natural-sort/-/javascript-natural-sort-0.7.1.tgz",
      "integrity": "sha1-+eIwPUUH9tdDVac2ZNFED7Wg71k="
    },
    "js-yaml": {
      "version": "4.1.0",
      "resolved": "https://registry.npmjs.org/js-yaml/-/js-yaml-4.1.0.tgz",
      "integrity": "sha512-wpxZs9NoxZaJESJGIZTyDEaYpl0FKSA+FB9aJiyemKhMwkxQg63h4T1KJgUGHpTqPDNRcmmYLugrRjJlBtWvRA==",
      "requires": {
        "argparse": "^2.0.1"
      }
    },
    "lodash": {
      "version": "4.17.21",
      "resolved": "https://registry.npmjs.org/lodash/-/lodash-4.17.21.tgz",
      "integrity": "sha512-v2kDEe57lecTulaDIuNTPy3Ry4gLGJ6Z1O3vE1krgXZNrsQ+LFTGHVxVjcXPs17LhbZVGedAJv8XZ1tvj5FvSg=="
    },
    "mathjs": {
      "version": "8.1.1",
      "resolved": "https://registry.npmjs.org/mathjs/-/mathjs-8.1.1.tgz",
      "integrity": "sha512-b3TX3EgiZObujjwb8lZnTDLUuivC2jar4ZBjmGJ4stFYCDXx/DNwx5yry5t/z65p9mvejyZel1qoeR05KtChcQ==",
      "requires": {
        "complex.js": "^2.0.11",
        "decimal.js": "^10.2.1",
        "escape-latex": "^1.2.0",
        "fraction.js": "^4.0.13",
        "javascript-natural-sort": "^0.7.1",
        "seedrandom": "^3.0.5",
        "tiny-emitter": "^2.1.0",
        "typed-function": "^2.0.0"
      }
    },
    "minimatch": {
      "version": "3.0.4",
      "resolved": "https://registry.npmjs.org/minimatch/-/minimatch-3.0.4.tgz",
      "integrity": "sha512-yJHVQEhyqPLUTgt9B83PXu6W3rx4MvvHvSUvToogpwoGDOUQ+yDrR0HRot+yOCdCO7u4hX3pWft6kWBBcqh0UA==",
      "requires": {
        "brace-expansion": "^1.1.7"
      }
    },
    "once": {
      "version": "1.4.0",
      "resolved": "https://registry.npmjs.org/once/-/once-1.4.0.tgz",
      "integrity": "sha1-WDsap3WWHUsROsF9nFC6753Xa9E=",
      "requires": {
        "wrappy": "1"
      }
    },
    "pako": {
      "version": "1.0.11",
      "resolved": "https://registry.npmjs.org/pako/-/pako-1.0.11.tgz",
      "integrity": "sha512-4hLB8Py4zZce5s4yd9XzopqwVv/yGNhV1Bl8NTmCq1763HeK2+EwVTv+leGeL13Dnh2wfbqowVPXCIO0z4taYw=="
    },
    "path-is-absolute": {
      "version": "1.0.1",
      "resolved": "https://registry.npmjs.org/path-is-absolute/-/path-is-absolute-1.0.1.tgz",
      "integrity": "sha1-F0uSaHNVNP+8es5r9TpanhtcX18="
    },
    "pdf-lib": {
      "version": "1.16.0",
      "resolved": "https://registry.npmjs.org/pdf-lib/-/pdf-lib-1.16.0.tgz",
      "integrity": "sha512-P/1SSmElOBKrPlbc+Sn7UxikRQbzVA64+4Dh6/uczPscvq/NatP9eryoOguyBTpTnzICNiG8EnMH4Ziqp2TnFA==",
      "requires": {
        "@pdf-lib/standard-fonts": "^1.0.0",
        "@pdf-lib/upng": "^1.0.1",
        "pako": "^1.0.11",
        "tslib": "^1.11.1"
      }
    },
    "picomatch": {
      "version": "2.2.3",
      "resolved": "https://registry.npmjs.org/picomatch/-/picomatch-2.2.3.tgz",
      "integrity": "sha512-KpELjfwcCDUb9PeigTs2mBJzXUPzAuP2oPcA989He8Rte0+YUAjw1JVedDhuTKPkHjSYzMN3npC9luThGYEKdg=="
    },
    "quickselect": {
      "version": "2.0.0",
      "resolved": "https://registry.npmjs.org/quickselect/-/quickselect-2.0.0.tgz",
      "integrity": "sha512-RKJ22hX8mHe3Y6wH/N3wCM6BWtjaxIyyUIkpHOvfFnxdI4yD4tBXEBKSbriGujF6jnSVkJrffuo6vxACiSSxIw=="
    },
    "rbush": {
      "version": "3.0.1",
      "resolved": "https://registry.npmjs.org/rbush/-/rbush-3.0.1.tgz",
      "integrity": "sha512-XRaVO0YecOpEuIvbhbpTrZgoiI6xBlz6hnlr6EHhd+0x9ase6EmeN+hdwwUaJvLcsFFQ8iWVF1GAK1yB0BWi0w==",
      "requires": {
        "quickselect": "^2.0.0"
      }
    },
    "rollup": {
      "version": "2.46.0",
      "resolved": "https://registry.npmjs.org/rollup/-/rollup-2.46.0.tgz",
      "integrity": "sha512-qPGoUBNl+Z8uNu0z7pD3WPTABWRbcOwIrO/5ccDJzmrtzn0LVf6Lj91+L5CcWhXl6iWf23FQ6m8Jkl2CmN1O7Q==",
      "peer": true,
      "requires": {
        "fsevents": "~2.3.1"
      }
    },
    "seedrandom": {
      "version": "3.0.5",
      "resolved": "https://registry.npmjs.org/seedrandom/-/seedrandom-3.0.5.tgz",
      "integrity": "sha512-8OwmbklUNzwezjGInmZ+2clQmExQPvomqjL7LFqOYqtmuxRgQYqOD3mHaU+MvZn5FLUeVxVfQjwLZW/n/JFuqg=="
    },
    "tiny-emitter": {
      "version": "2.1.0",
      "resolved": "https://registry.npmjs.org/tiny-emitter/-/tiny-emitter-2.1.0.tgz",
      "integrity": "sha512-NB6Dk1A9xgQPMoGqC5CVXn123gWyte215ONT5Pp5a0yt4nlEoO1ZWeCwpncaekPHXO60i47ihFnZPiRPjRMq4Q=="
    },
    "tosource": {
      "version": "2.0.0-alpha.2",
      "resolved": "https://registry.npmjs.org/tosource/-/tosource-2.0.0-alpha.2.tgz",
      "integrity": "sha512-WR68bGIDsg1eBF2uHV4bIYYoAeXD3GGj9mToy3AGKnelZgsfuhCrE5xKFvLp7G66N5gTMWkDzN/+iyMrvsVxSA=="
    },
    "tslib": {
      "version": "1.14.1",
      "resolved": "https://registry.npmjs.org/tslib/-/tslib-1.14.1.tgz",
      "integrity": "sha512-Xni35NKzjgMrwevysHTCArtLDpPvye8zV/0E4EyYn43P7/7qvQwPh9BGkHewbMulVntbigmcT7rdX3BNo9wRJg=="
    },
    "typed-function": {
      "version": "2.0.0",
      "resolved": "https://registry.npmjs.org/typed-function/-/typed-function-2.0.0.tgz",
      "integrity": "sha512-Hhy1Iwo/e4AtLZNK10ewVVcP2UEs408DS35ubP825w/YgSBK1KVLwALvvIG4yX75QJrxjCpcWkzkVRB0BwwYlA=="
    },
    "uuid": {
      "version": "8.3.2",
      "resolved": "https://registry.npmjs.org/uuid/-/uuid-8.3.2.tgz",
      "integrity": "sha512-+NYs2QeMWy+GWFOEm9xnn6HCDp0l7QBD7ml8zLUmJ+93Q5NF0NocErnwkTkXVFNiX3/fpC6afS8Dhb/gz7R7eg=="
    },
    "wrappy": {
      "version": "1.0.2",
      "resolved": "https://registry.npmjs.org/wrappy/-/wrappy-1.0.2.tgz",
      "integrity": "sha1-tSQ9jz7BqjXxNkYFvA0QNuMKtp8="
    }
  }
}
